// !$*UTF8*$!
{
	archiveVersion = 1;
	classes = {};
	objectVersion = 77;
	objects = {

/* Begin PBXBuildFile section */
		A10000000000000000000090 /* NewEligaOrderWidgets.appex in Embed App Extensions */ = {isa = PBXBuildFile; fileRef = A10000000000000000000004 /* NewEligaOrderWidgets.appex */; settings = {ATTRIBUTES = (RemoveHeadersOnCopy, ); }; };
/* End PBXBuildFile section */

/* Begin PBXContainerItemProxy section */
		A10000000000000000000031 /* PBXContainerItemProxy */ = {isa = PBXContainerItemProxy; containerPortal = A10000000000000000000020 /* Project object */; proxyType = 1; remoteGlobalIDString = A10000000000000000000021; remoteInfo = NewEligaOrder; };
		A10000000000000000000032 /* PBXContainerItemProxy */ = {isa = PBXContainerItemProxy; containerPortal = A10000000000000000000020 /* Project object */; proxyType = 1; remoteGlobalIDString = A10000000000000000000021; remoteInfo = NewEligaOrder; };
		A10000000000000000000035 /* PBXContainerItemProxy */ = {isa = PBXContainerItemProxy; containerPortal = A10000000000000000000020 /* Project object */; proxyType = 1; remoteGlobalIDString = A10000000000000000000024; remoteInfo = NewEligaOrderWidgets; };
/* End PBXContainerItemProxy section */

/* Begin PBXCopyFilesBuildPhase section */
		A10000000000000000000059 /* Embed App Extensions */ = {isa = PBXCopyFilesBuildPhase; buildActionMask = 2147483647; dstPath = ""; dstSubfolderSpec = 13; files = (A10000000000000000000090 /* NewEligaOrderWidgets.appex in Embed App Extensions */, ); name = "Embed App Extensions"; runOnlyForDeploymentPostprocessing = 0; };
/* End PBXCopyFilesBuildPhase section */

/* Begin PBXFileReference section */
		A10000000000000000000001 /* NewEligaOrder.app */ = {isa = PBXFileReference; explicitFileType = wrapper.application; includeInIndex = 0; path = NewEligaOrder.app; sourceTree = BUILT_PRODUCTS_DIR; };
		A10000000000000000000002 /* NewEligaOrderTests.xctest */ = {isa = PBXFileReference; explicitFileType = wrapper.cfbundle; includeInIndex = 0; path = NewEligaOrderTests.xctest; sourceTree = BUILT_PRODUCTS_DIR; };
		A10000000000000000000003 /* NewEligaOrderUITests.xctest */ = {isa = PBXFileReference; explicitFileType = wrapper.cfbundle; includeInIndex = 0; path = NewEligaOrderUITests.xctest; sourceTree = BUILT_PRODUCTS_DIR; };
		A10000000000000000000004 /* NewEligaOrderWidgets.appex */ = {isa = PBXFileReference; explicitFileType = "wrapper.app-extension"; includeInIndex = 0; path = NewEligaOrderWidgets.appex; sourceTree = BUILT_PRODUCTS_DIR; };
/* End PBXFileReference section */

/* Begin PBXFileSystemSynchronizedBuildFileExceptionSet section */
		A10000000000000000000015 /* Exceptions for "NewEligaOrder" folder in "NewEligaOrder" target */ = {isa = PBXFileSystemSynchronizedBuildFileExceptionSet; membershipExceptions = (Resources/Info.plist, ); target = A10000000000000000000021 /* NewEligaOrder */; };
		A10000000000000000000016 /* Exceptions for "NewEligaOrderWidgets" folder in "NewEligaOrderWidgets" target */ = {isa = PBXFileSystemSynchronizedBuildFileExceptionSet; membershipExceptions = (Info.plist, ); target = A10000000000000000000024 /* NewEligaOrderWidgets */; };
/* End PBXFileSystemSynchronizedBuildFileExceptionSet section */

/* Begin PBXFileSystemSynchronizedRootGroup section */
		A10000000000000000000010 /* NewEligaOrder */ = {isa = PBXFileSystemSynchronizedRootGroup; exceptions = (A10000000000000000000015 /* Exceptions for "NewEligaOrder" folder in "NewEligaOrder" target */, ); path = NewEligaOrder; sourceTree = "<group>"; };
		A10000000000000000000011 /* NewEligaOrderTests */ = {isa = PBXFileSystemSynchronizedRootGroup; path = NewEligaOrderTests; sourceTree = "<group>"; };
		A10000000000000000000012 /* NewEligaOrderUITests */ = {isa = PBXFileSystemSynchronizedRootGroup; path = NewEligaOrderUITests; sourceTree = "<group>"; };
		A10000000000000000000017 /* NewEligaOrderWidgets */ = {isa = PBXFileSystemSynchronizedRootGroup; exceptions = (A10000000000000000000016 /* Exceptions for "NewEligaOrderWidgets" folder in "NewEligaOrderWidgets" target */, ); path = NewEligaOrderWidgets; sourceTree = "<group>"; };
/* End PBXFileSystemSynchronizedRootGroup section */

/* Begin PBXFrameworksBuildPhase section */
		A10000000000000000000041 /* Frameworks */ = {isa = PBXFrameworksBuildPhase; buildActionMask = 2147483647; files = (); runOnlyForDeploymentPostprocessing = 0; };
		A10000000000000000000042 /* Frameworks */ = {isa = PBXFrameworksBuildPhase; buildActionMask = 2147483647; files = (); runOnlyForDeploymentPostprocessing = 0; };
		A10000000000000000000043 /* Frameworks */ = {isa = PBXFrameworksBuildPhase; buildActionMask = 2147483647; files = (); runOnlyForDeploymentPostprocessing = 0; };
		A10000000000000000000044 /* Frameworks */ = {isa = PBXFrameworksBuildPhase; buildActionMask = 2147483647; files = (); runOnlyForDeploymentPostprocessing = 0; };
/* End PBXFrameworksBuildPhase section */

/* Begin PBXGroup section */
		A10000000000000000000013 = {isa = PBXGroup; children = (A10000000000000000000010 /* NewEligaOrder */, A10000000000000000000017 /* NewEligaOrderWidgets */, A10000000000000000000011 /* NewEligaOrderTests */, A10000000000000000000012 /* NewEligaOrderUITests */, A10000000000000000000014 /* Products */); sourceTree = "<group>"; };
		A10000000000000000000014 /* Products */ = {isa = PBXGroup; children = (A10000000000000000000001 /* NewEligaOrder.app */, A10000000000000000000004 /* NewEligaOrderWidgets.appex */, A10000000000000000000002 /* NewEligaOrderTests.xctest */, A10000000000000000000003 /* NewEligaOrderUITests.xctest */); name = Products; sourceTree = "<group>"; };
/* End PBXGroup section */

/* Begin PBXNativeTarget section */
		A10000000000000000000021 /* NewEligaOrder */ = {isa = PBXNativeTarget; buildConfigurationList = A10000000000000000000061 /* Build configuration list for PBXNativeTarget "NewEligaOrder" */; buildPhases = (A10000000000000000000051 /* Sources */, A10000000000000000000041 /* Frameworks */, A10000000000000000000054 /* Resources */, A10000000000000000000059 /* Embed App Extensions */); buildRules = (); dependencies = (A10000000000000000000036 /* PBXTargetDependency */); fileSystemSynchronizedGroups = (A10000000000000000000010 /* NewEligaOrder */); name = NewEligaOrder; packageProductDependencies = (); productName = NewEligaOrder; productReference = A10000000000000000000001 /* NewEligaOrder.app */; productType = "com.apple.product-type.application"; };
		A10000000000000000000022 /* NewEligaOrderTests */ = {isa = PBXNativeTarget; buildConfigurationList = A10000000000000000000062 /* Build configuration list for PBXNativeTarget "NewEligaOrderTests" */; buildPhases = (A10000000000000000000052 /* Sources */, A10000000000000000000042 /* Frameworks */, A10000000000000000000055 /* Resources */); buildRules = (); dependencies = (A10000000000000000000033 /* PBXTargetDependency */); fileSystemSynchronizedGroups = (A10000000000000000000011 /* NewEligaOrderTests */); name = NewEligaOrderTests; packageProductDependencies = (); productName = NewEligaOrderTests; productReference = A10000000000000000000002 /* NewEligaOrderTests.xctest */; productType = "com.apple.product-type.bundle.unit-test"; };
		A10000000000000000000023 /* NewEligaOrderUITests */ = {isa = PBXNativeTarget; buildConfigurationList = A10000000000000000000063 /* Build configuration list for PBXNativeTarget "NewEligaOrderUITests" */; buildPhases = (A10000000000000000000053 /* Sources */, A10000000000000000000043 /* Frameworks */, A10000000000000000000056 /* Resources */); buildRules = (); dependencies = (A10000000000000000000034 /* PBXTargetDependency */); fileSystemSynchronizedGroups = (A10000000000000000000012 /* NewEligaOrderUITests */); name = NewEligaOrderUITests; packageProductDependencies = (); productName = NewEligaOrderUITests; productReference = A10000000000000000000003 /* NewEligaOrderUITests.xctest */; productType = "com.apple.product-type.bundle.ui-testing"; };
		A10000000000000000000024 /* NewEligaOrderWidgets */ = {isa = PBXNativeTarget; buildConfigurationList = A10000000000000000000064 /* Build configuration list for PBXNativeTarget "NewEligaOrderWidgets" */; buildPhases = (A10000000000000000000058 /* Sources */, A10000000000000000000044 /* Frameworks */, A10000000000000000000057 /* Resources */); buildRules = (); dependencies = (); fileSystemSynchronizedGroups = (A10000000000000000000017 /* NewEligaOrderWidgets */); name = NewEligaOrderWidgets; packageProductDependencies = (); productName = NewEligaOrderWidgets; productReference = A10000000000000000000004 /* NewEligaOrderWidgets.appex */; productType = "com.apple.product-type.app-extension"; };
/* End PBXNativeTarget section */

/* Begin PBXProject section */
		A10000000000000000000020 /* Project object */ = {isa = PBXProject; attributes = {BuildIndependentTargetsInParallel = 1; LastSwiftUpdateCheck = 2660; LastUpgradeCheck = 2660; TargetAttributes = {A10000000000000000000021 = {CreatedOnToolsVersion = 26.6; }; A10000000000000000000022 = {CreatedOnToolsVersion = 26.6; TestTargetID = A10000000000000000000021; }; A10000000000000000000023 = {CreatedOnToolsVersion = 26.6; TestTargetID = A10000000000000000000021; }; A10000000000000000000024 = {CreatedOnToolsVersion = 26.6; }; }; }; buildConfigurationList = A10000000000000000000060 /* Build configuration list for PBXProject "NewEligaOrder" */; developmentRegion = ko; hasScannedForEncodings = 0; knownRegions = (ko, en, Base); mainGroup = A10000000000000000000013; minimizedProjectReferenceProxies = 1; preferredProjectObjectVersion = 77; productRefGroup = A10000000000000000000014 /* Products */; projectDirPath = ""; projectRoot = ""; targets = (A10000000000000000000021 /* NewEligaOrder */, A10000000000000000000024 /* NewEligaOrderWidgets */, A10000000000000000000022 /* NewEligaOrderTests */, A10000000000000000000023 /* NewEligaOrderUITests */); };
/* End PBXProject section */

/* Begin PBXResourcesBuildPhase section */
		A10000000000000000000054 /* Resources */ = {isa = PBXResourcesBuildPhase; buildActionMask = 2147483647; files = (); runOnlyForDeploymentPostprocessing = 0; };
		A10000000000000000000055 /* Resources */ = {isa = PBXResourcesBuildPhase; buildActionMask = 2147483647; files = (); runOnlyForDeploymentPostprocessing = 0; };
		A10000000000000000000056 /* Resources */ = {isa = PBXResourcesBuildPhase; buildActionMask = 2147483647; files = (); runOnlyForDeploymentPostprocessing = 0; };
		A10000000000000000000057 /* Resources */ = {isa = PBXResourcesBuildPhase; buildActionMask = 2147483647; files = (); runOnlyForDeploymentPostprocessing = 0; };
/* End PBXResourcesBuildPhase section */

/* Begin PBXSourcesBuildPhase section */
		A10000000000000000000051 /* Sources */ = {isa = PBXSourcesBuildPhase; buildActionMask = 2147483647; files = (); runOnlyForDeploymentPostprocessing = 0; };
		A10000000000000000000052 /* Sources */ = {isa = PBXSourcesBuildPhase; buildActionMask = 2147483647; files = (); runOnlyForDeploymentPostprocessing = 0; };
		A10000000000000000000053 /* Sources */ = {isa = PBXSourcesBuildPhase; buildActionMask = 2147483647; files = (); runOnlyForDeploymentPostprocessing = 0; };
		A10000000000000000000058 /* Sources */ = {isa = PBXSourcesBuildPhase; buildActionMask = 2147483647; files = (); runOnlyForDeploymentPostprocessing = 0; };
/* End PBXSourcesBuildPhase section */

/* Begin PBXTargetDependency section */
		A10000000000000000000033 /* PBXTargetDependency */ = {isa = PBXTargetDependency; target = A10000000000000000000021 /* NewEligaOrder */; targetProxy = A10000000000000000000031 /* PBXContainerItemProxy */; };
		A10000000000000000000034 /* PBXTargetDependency */ = {isa = PBXTargetDependency; target = A10000000000000000000021 /* NewEligaOrder */; targetProxy = A10000000000000000000032 /* PBXContainerItemProxy */; };
		A10000000000000000000036 /* PBXTargetDependency */ = {isa = PBXTargetDependency; target = A10000000000000000000024 /* NewEligaOrderWidgets */; targetProxy = A10000000000000000000035 /* PBXContainerItemProxy */; };
/* End PBXTargetDependency section */

/* Begin XCBuildConfiguration section */
		A10000000000000000000070 /* Debug */ = {isa = XCBuildConfiguration; buildSettings = {ALWAYS_SEARCH_USER_PATHS = NO; CLANG_ENABLE_MODULES = YES; CLANG_ENABLE_OBJC_ARC = YES; COPY_PHASE_STRIP = NO; DEBUG_INFORMATION_FORMAT = dwarf; DEVELOPMENT_TEAM = RCVFD6XLU9; ENABLE_TESTABILITY = YES; GCC_C_LANGUAGE_STANDARD = gnu17; GCC_OPTIMIZATION_LEVEL = 0; IPHONEOS_DEPLOYMENT_TARGET = 18.0; ONLY_ACTIVE_ARCH = YES; SDKROOT = iphoneos; SWIFT_ACTIVE_COMPILATION_CONDITIONS = "DEBUG $(inherited)"; SWIFT_OPTIMIZATION_LEVEL = "-Onone"; }; name = Debug; };
		A10000000000000000000071 /* Release */ = {isa = XCBuildConfiguration; buildSettings = {ALWAYS_SEARCH_USER_PATHS = NO; CLANG_ENABLE_MODULES = YES; CLANG_ENABLE_OBJC_ARC = YES; COPY_PHASE_STRIP = NO; DEBUG_INFORMATION_FORMAT = "dwarf-with-dsym"; DEVELOPMENT_TEAM = RCVFD6XLU9; ENABLE_NS_ASSERTIONS = NO; GCC_C_LANGUAGE_STANDARD = gnu17; IPHONEOS_DEPLOYMENT_TARGET = 18.0; SDKROOT = iphoneos; SWIFT_COMPILATION_MODE = wholemodule; SWIFT_OPTIMIZATION_LEVEL = "-O"; VALIDATE_PRODUCT = YES; }; name = Release; };
		A10000000000000000000072 /* Debug */ = {isa = XCBuildConfiguration; buildSettings = {ASSETCATALOG_COMPILER_APPICON_NAME = AppIcon; ASSETCATALOG_COMPILER_GLOBAL_ACCENT_COLOR_NAME = AccentColor; CODE_SIGN_ENTITLEMENTS = NewEligaOrder/Resources/NewEligaOrder.entitlements; CODE_SIGN_STYLE = Automatic; CURRENT_PROJECT_VERSION = 23; DEVELOPMENT_ASSET_PATHS = ""; ENABLE_PREVIEWS = YES; GENERATE_INFOPLIST_FILE = NO; INFOPLIST_FILE = NewEligaOrder/Resources/Info.plist; MARKETING_VERSION = 1.4.6; PRODUCT_BUNDLE_IDENTIFIER = com.leeari95.NewEligaOrder; PRODUCT_NAME = "$(TARGET_NAME)"; SWIFT_EMIT_LOC_STRINGS = YES; SWIFT_STRICT_CONCURRENCY = complete; SWIFT_VERSION = 6.0; TARGETED_DEVICE_FAMILY = "1,2"; }; name = Debug; };
		A10000000000000000000073 /* Release */ = {isa = XCBuildConfiguration; buildSettings = {ASSETCATALOG_COMPILER_APPICON_NAME = AppIcon; ASSETCATALOG_COMPILER_GLOBAL_ACCENT_COLOR_NAME = AccentColor; CODE_SIGN_ENTITLEMENTS = NewEligaOrder/Resources/NewEligaOrder.entitlements; CODE_SIGN_STYLE = Automatic; CURRENT_PROJECT_VERSION = 23; ENABLE_PREVIEWS = YES; GENERATE_INFOPLIST_FILE = NO; INFOPLIST_FILE = NewEligaOrder/Resources/Info.plist; MARKETING_VERSION = 1.4.6; PRODUCT_BUNDLE_IDENTIFIER = com.leeari95.NewEligaOrder; PRODUCT_NAME = "$(TARGET_NAME)"; SWIFT_EMIT_LOC_STRINGS = YES; SWIFT_STRICT_CONCURRENCY = complete; SWIFT_VERSION = 6.0; TARGETED_DEVICE_FAMILY = "1,2"; }; name = Release; };
		A10000000000000000000074 /* Debug */ = {isa = XCBuildConfiguration; buildSettings = {BUNDLE_LOADER = "$(TEST_HOST)"; CODE_SIGN_STYLE = Automatic; GENERATE_INFOPLIST_FILE = YES; IPHONEOS_DEPLOYMENT_TARGET = 18.0; PRODUCT_BUNDLE_IDENTIFIER = com.leeari95.NewEligaOrderTests; PRODUCT_NAME = "$(TARGET_NAME)"; SWIFT_STRICT_CONCURRENCY = complete; SWIFT_VERSION = 6.0; TARGETED_DEVICE_FAMILY = "1,2"; TEST_HOST = "$(BUILT_PRODUCTS_DIR)/NewEligaOrder.app/$(BUNDLE_EXECUTABLE_FOLDER_PATH)/NewEligaOrder"; }; name = Debug; };
		A10000000000000000000075 /* Release */ = {isa = XCBuildConfiguration; buildSettings = {BUNDLE_LOADER = "$(TEST_HOST)"; CODE_SIGN_STYLE = Automatic; GENERATE_INFOPLIST_FILE = YES; IPHONEOS_DEPLOYMENT_TARGET = 18.0; PRODUCT_BUNDLE_IDENTIFIER = com.leeari95.NewEligaOrderTests; PRODUCT_NAME = "$(TARGET_NAME)"; SWIFT_STRICT_CONCURRENCY = complete; SWIFT_VERSION = 6.0; TARGETED_DEVICE_FAMILY = "1,2"; TEST_HOST = "$(BUILT_PRODUCTS_DIR)/NewEligaOrder.app/$(BUNDLE_EXECUTABLE_FOLDER_PATH)/NewEligaOrder"; }; name = Release; };
		A10000000000000000000076 /* Debug */ = {isa = XCBuildConfiguration; buildSettings = {CODE_SIGN_STYLE = Automatic; GENERATE_INFOPLIST_FILE = YES; IPHONEOS_DEPLOYMENT_TARGET = 18.0; PRODUCT_BUNDLE_IDENTIFIER = com.leeari95.NewEligaOrderUITests; PRODUCT_NAME = "$(TARGET_NAME)"; SWIFT_STRICT_CONCURRENCY = complete; SWIFT_VERSION = 6.0; TARGETED_DEVICE_FAMILY = "1,2"; TEST_TARGET_NAME = NewEligaOrder; }; name = Debug; };
		A10000000000000000000077 /* Release */ = {isa = XCBuildConfiguration; buildSettings = {CODE_SIGN_STYLE = Automatic; GENERATE_INFOPLIST_FILE = YES; IPHONEOS_DEPLOYMENT_TARGET = 18.0; PRODUCT_BUNDLE_IDENTIFIER = com.leeari95.NewEligaOrderUITests; PRODUCT_NAME = "$(TARGET_NAME)"; SWIFT_STRICT_CONCURRENCY = complete; SWIFT_VERSION = 6.0; TARGETED_DEVICE_FAMILY = "1,2"; TEST_TARGET_NAME = NewEligaOrder; }; name = Release; };
		A10000000000000000000078 /* Debug */ = {isa = XCBuildConfiguration; buildSettings = {APPLICATION_EXTENSION_API_ONLY = YES; CODE_SIGN_ENTITLEMENTS = NewEligaOrderWidgets/NewEligaOrderWidgets.entitlements; CODE_SIGN_STYLE = Automatic; CURRENT_PROJECT_VERSION = 23; DEVELOPMENT_TEAM = RCVFD6XLU9; GENERATE_INFOPLIST_FILE = NO; INFOPLIST_FILE = NewEligaOrderWidgets/Info.plist; IPHONEOS_DEPLOYMENT_TARGET = 18.0; MARKETING_VERSION = 1.4.6; PRODUCT_BUNDLE_IDENTIFIER = com.leeari95.NewEligaOrder.Widgets; PRODUCT_NAME = "$(TARGET_NAME)"; SKIP_INSTALL = YES; SWIFT_EMIT_LOC_STRINGS = YES; SWIFT_STRICT_CONCURRENCY = complete; SWIFT_VERSION = 6.0; TARGETED_DEVICE_FAMILY = "1,2"; }; name = Debug; };
		A10000000000000000000079 /* Release */ = {isa = XCBuildConfiguration; buildSettings = {APPLICATION_EXTENSION_API_ONLY = YES; CODE_SIGN_ENTITLEMENTS = NewEligaOrderWidgets/NewEligaOrderWidgets.entitlements; CODE_SIGN_STYLE = Automatic; CURRENT_PROJECT_VERSION = 23; DEVELOPMENT_TEAM = RCVFD6XLU9; GENERATE_INFOPLIST_FILE = NO; INFOPLIST_FILE = NewEligaOrderWidgets/Info.plist; IPHONEOS_DEPLOYMENT_TARGET = 18.0; MARKETING_VERSION = 1.4.6; PRODUCT_BUNDLE_IDENTIFIER = com.leeari95.NewEligaOrder.Widgets; PRODUCT_NAME = "$(TARGET_NAME)"; SKIP_INSTALL = YES; SWIFT_EMIT_LOC_STRINGS = YES; SWIFT_STRICT_CONCURRENCY = complete; SWIFT_VERSION = 6.0; TARGETED_DEVICE_FAMILY = "1,2"; }; name = Release; };
/* End XCBuildConfiguration section */

/* Begin XCConfigurationList section */
		A10000000000000000000060 /* Build configuration list for PBXProject "NewEligaOrder" */ = {isa = XCConfigurationList; buildConfigurations = (A10000000000000000000070 /* Debug */, A10000000000000000000071 /* Release */); defaultConfigurationIsVisible = 0; defaultConfigurationName = Release; };
		A10000000000000000000061 /* Build configuration list for PBXNativeTarget "NewEligaOrder" */ = {isa = XCConfigurationList; buildConfigurations = (A10000000000000000000072 /* Debug */, A10000000000000000000073 /* Release */); defaultConfigurationIsVisible = 0; defaultConfigurationName = Release; };
		A10000000000000000000062 /* Build configuration list for PBXNativeTarget "NewEligaOrderTests" */ = {isa = XCConfigurationList; buildConfigurations = (A10000000000000000000074 /* Debug */, A10000000000000000000075 /* Release */); defaultConfigurationIsVisible = 0; defaultConfigurationName = Release; };
		A10000000000000000000063 /* Build configuration list for PBXNativeTarget "NewEligaOrderUITests" */ = {isa = XCConfigurationList; buildConfigurations = (A10000000000000000000076 /* Debug */, A10000000000000000000077 /* Release */); defaultConfigurationIsVisible = 0; defaultConfigurationName = Release; };
		A10000000000000000000064 /* Build configuration list for PBXNativeTarget "NewEligaOrderWidgets" */ = {isa = XCConfigurationList; buildConfigurations = (A10000000000000000000078 /* Debug */, A10000000000000000000079 /* Release */); defaultConfigurationIsVisible = 0; defaultConfigurationName = Release; };
/* End XCConfigurationList section */
	};
	rootObject = A10000000000000000000020 /* Project object */;
}
